
Microsoft Visual Studio Solution File, Format Version 12.00
# Visual Studio 15
VisualStudioVersion = 15.0.27428.2002
MinimumVisualStudioVersion = 10.0.40219.1
Project("{FAE04EC0-301F-11D3-BF4B-00C04F79EFBC}") = "lesso5task3", "ConsoleApp3\lesso5task3.csproj", "{1D56F20A-D591-4F79-AA4A-189D2DB95887}"
EndProject
Global
	GlobalSection(SolutionConfigurationPlatforms) = preSolution
		Debug|Any CPU = Debug|Any CPU
		Release|Any CPU = Release|Any CPU
	EndGlobalSection
	GlobalSection(ProjectConfigurationPlatforms) = postSolution
		{1D56F20A-D591-4F79-AA4A-189D2DB95887}.Debug|Any CPU.ActiveCfg = Debug|Any CPU
		{1D56F20A-D591-4F79-AA4A-189D2DB95887}.Debug|Any CPU.Build.0 = Debug|Any CPU
		{1D56F20A-D591-4F79-AA4A-189D2DB95887}.Release|Any CPU.ActiveCfg = Release|Any CPU
		{1D56F20A-D591-4F79-AA4A-189D2DB95887}.Release|Any CPU.Build.0 = Release|Any CPU
	EndGlobalSection
	GlobalSection(SolutionProperties) = preSolution
		HideSolutionNode = FALSE
	EndGlobalSection
	GlobalSection(ExtensibilityGlobals) = postSolution
		SolutionGuid = {4F8A45AA-33B5-48F0-A6EA-09C5EFDBE114}
	EndGlobalSection
EndGlobal
